
Microsoft Visual Studio Solution File, Format Version 12.00
# Visual Studio Version 16
VisualStudioVersion = 16.0.33130.400
MinimumVisualStudioVersion = 10.0.40219.1
Project("{FAE04EC0-301F-11D3-BF4B-00C04F79EFBC}") = "DemoApplication", "DemoApplication.csproj", "{6516F1A1-7142-48DF-8C1A-E7FF5236628F}"
EndProject
Global
	GlobalSection(SolutionConfigurationPlatforms) = preSolution
		Debug|Any CPU = Debug|Any CPU
		Release|Any CPU = Release|Any CPU
	EndGlobalSection
	GlobalSection(ProjectConfigurationPlatforms) = postSolution
		{6516F1A1-7142-48DF-8C1A-E7FF5236628F}.Debug|Any CPU.ActiveCfg = Debug|Any CPU
		{6516F1A1-7142-48DF-8C1A-E7FF5236628F}.Debug|Any CPU.Build.0 = Debug|Any CPU
		{6516F1A1-7142-48DF-8C1A-E7FF5236628F}.Release|Any CPU.ActiveCfg = Release|Any CPU
		{6516F1A1-7142-48DF-8C1A-E7FF5236628F}.Release|Any CPU.Build.0 = Release|Any CPU
	EndGlobalSection
	GlobalSection(SolutionProperties) = preSolution
		HideSolutionNode = FALSE
	EndGlobalSection
	GlobalSection(ExtensibilityGlobals) = postSolution
		SolutionGuid = {FAC4A140-2997-4DAC-805F-424E2F237E7A}
	EndGlobalSection
EndGlobal
